
Microsoft Visual Studio Solution File, Format Version 12.00
# Visual Studio Version 17
VisualStudioVersion = 17.10.35122.118
MinimumVisualStudioVersion = 10.0.40219.1
Project("{FAE04EC0-301F-11D3-BF4B-00C04F79EFBC}") = "VendasWebApi", "VendasWebApi\VendasWebApi.csproj", "{986F41C3-5B79-4F38-8D75-BFE8D9B5E617}"
EndProject
Project("{FAE04EC0-301F-11D3-BF4B-00C04F79EFBC}") = "VendasWebCore", "VendasWebCore\VendasWebCore.csproj", "{62D294F6-7096-4D34-8CB8-16960E3A5224}"
EndProject
Project("{FAE04EC0-301F-11D3-BF4B-00C04F79EFBC}") = "VendasWebInfrastructure", "VendasWebInfrastructure\VendasWebInfrastructure.csproj", "{0F639E79-E6CE-4B03-A64B-F3E38F833018}"
EndProject
Global
	GlobalSection(SolutionConfigurationPlatforms) = preSolution
		Debug|Any CPU = Debug|Any CPU
		Release|Any CPU = Release|Any CPU
	EndGlobalSection
	GlobalSection(ProjectConfigurationPlatforms) = postSolution
		{986F41C3-5B79-4F38-8D75-BFE8D9B5E617}.Debug|Any CPU.ActiveCfg = Debug|Any CPU
		{986F41C3-5B79-4F38-8D75-BFE8D9B5E617}.Debug|Any CPU.Build.0 = Debug|Any CPU
		{986F41C3-5B79-4F38-8D75-BFE8D9B5E617}.Release|Any CPU.ActiveCfg = Release|Any CPU
		{986F41C3-5B79-4F38-8D75-BFE8D9B5E617}.Release|Any CPU.Build.0 = Release|Any CPU
		{62D294F6-7096-4D34-8CB8-16960E3A5224}.Debug|Any CPU.ActiveCfg = Debug|Any CPU
		{62D294F6-7096-4D34-8CB8-16960E3A5224}.Debug|Any CPU.Build.0 = Debug|Any CPU
		{62D294F6-7096-4D34-8CB8-16960E3A5224}.Release|Any CPU.ActiveCfg = Release|Any CPU
		{62D294F6-7096-4D34-8CB8-16960E3A5224}.Release|Any CPU.Build.0 = Release|Any CPU
		{0F639E79-E6CE-4B03-A64B-F3E38F833018}.Debug|Any CPU.ActiveCfg = Debug|Any CPU
		{0F639E79-E6CE-4B03-A64B-F3E38F833018}.Debug|Any CPU.Build.0 = Debug|Any CPU
		{0F639E79-E6CE-4B03-A64B-F3E38F833018}.Release|Any CPU.ActiveCfg = Release|Any CPU
		{0F639E79-E6CE-4B03-A64B-F3E38F833018}.Release|Any CPU.Build.0 = Release|Any CPU
	EndGlobalSection
	GlobalSection(SolutionProperties) = preSolution
		HideSolutionNode = FALSE
	EndGlobalSection
	GlobalSection(ExtensibilityGlobals) = postSolution
		SolutionGuid = {1F3F132E-DBB0-4733-A498-070789A88E63}
	EndGlobalSection
EndGlobal
